
Microsoft Visual Studio Solution File, Format Version 12.00
# Visual Studio Version 16
VisualStudioVersion = 16.0.30907.101
MinimumVisualStudioVersion = 10.0.40219.1
Project("{FAE04EC0-301F-11D3-BF4B-00C04F79EFBC}") = "Generics Lab", "Generics Lab\Generics Lab.csproj", "{86F7823E-5B1D-4A92-979E-A563DF455F96}"
EndProject
Project("{FAE04EC0-301F-11D3-BF4B-00C04F79EFBC}") = "BoxOfT", "BoxOfT\BoxOfT.csproj", "{2CEFD611-7C32-4AF1-AF44-AA5CA1AAAEB1}"
EndProject
Global
	GlobalSection(SolutionConfigurationPlatforms) = preSolution
		Debug|Any CPU = Debug|Any CPU
		Release|Any CPU = Release|Any CPU
	EndGlobalSection
	GlobalSection(ProjectConfigurationPlatforms) = postSolution
		{86F7823E-5B1D-4A92-979E-A563DF455F96}.Debug|Any CPU.ActiveCfg = Debug|Any CPU
		{86F7823E-5B1D-4A92-979E-A563DF455F96}.Debug|Any CPU.Build.0 = Debug|Any CPU
		{86F7823E-5B1D-4A92-979E-A563DF455F96}.Release|Any CPU.ActiveCfg = Release|Any CPU
		{86F7823E-5B1D-4A92-979E-A563DF455F96}.Release|Any CPU.Build.0 = Release|Any CPU
		{2CEFD611-7C32-4AF1-AF44-AA5CA1AAAEB1}.Debug|Any CPU.ActiveCfg = Debug|Any CPU
		{2CEFD611-7C32-4AF1-AF44-AA5CA1AAAEB1}.Debug|Any CPU.Build.0 = Debug|Any CPU
		{2CEFD611-7C32-4AF1-AF44-AA5CA1AAAEB1}.Release|Any CPU.ActiveCfg = Release|Any CPU
		{2CEFD611-7C32-4AF1-AF44-AA5CA1AAAEB1}.Release|Any CPU.Build.0 = Release|Any CPU
	EndGlobalSection
	GlobalSection(SolutionProperties) = preSolution
		HideSolutionNode = FALSE
	EndGlobalSection
	GlobalSection(ExtensibilityGlobals) = postSolution
		SolutionGuid = {5290FC44-2424-4E67-8EA9-939FE867F9A5}
	EndGlobalSection
EndGlobal
