
Microsoft Visual Studio Solution File, Format Version 12.00
# Visual Studio Version 16
VisualStudioVersion = 16.0.31129.286
MinimumVisualStudioVersion = 10.0.40219.1
Project("{FAE04EC0-301F-11D3-BF4B-00C04F79EFBC}") = "Flower Wreaths", "Flower Wreaths\Flower Wreaths.csproj", "{6797F5E0-66AA-4CC8-BC0F-DD1E0FB7AC0C}"
EndProject
Global
	GlobalSection(SolutionConfigurationPlatforms) = preSolution
		Debug|Any CPU = Debug|Any CPU
		Release|Any CPU = Release|Any CPU
	EndGlobalSection
	GlobalSection(ProjectConfigurationPlatforms) = postSolution
		{6797F5E0-66AA-4CC8-BC0F-DD1E0FB7AC0C}.Debug|Any CPU.ActiveCfg = Debug|Any CPU
		{6797F5E0-66AA-4CC8-BC0F-DD1E0FB7AC0C}.Debug|Any CPU.Build.0 = Debug|Any CPU
		{6797F5E0-66AA-4CC8-BC0F-DD1E0FB7AC0C}.Release|Any CPU.ActiveCfg = Release|Any CPU
		{6797F5E0-66AA-4CC8-BC0F-DD1E0FB7AC0C}.Release|Any CPU.Build.0 = Release|Any CPU
	EndGlobalSection
	GlobalSection(SolutionProperties) = preSolution
		HideSolutionNode = FALSE
	EndGlobalSection
	GlobalSection(ExtensibilityGlobals) = postSolution
		SolutionGuid = {C34746C8-D600-4817-89F2-D487091560E2}
	EndGlobalSection
EndGlobal
