
Microsoft Visual Studio Solution File, Format Version 12.00
# Visual Studio Version 16
VisualStudioVersion = 16.0.30907.101
MinimumVisualStudioVersion = 10.0.40219.1
Project("{FAE04EC0-301F-11D3-BF4B-00C04F79EFBC}") = "Iterators and Comparators Lab", "Iterators and Comparators Lab\Iterators and Comparators Lab.csproj", "{B715ED25-0B97-4010-B5D2-8E36B33F83F5}"
EndProject
Project("{FAE04EC0-301F-11D3-BF4B-00C04F79EFBC}") = "IteratorsAndComparators", "IteratorsAndComparators\IteratorsAndComparators.csproj", "{AF7AB0C3-4F7C-4E7B-A948-E96F6DC2C859}"
EndProject
Global
	GlobalSection(SolutionConfigurationPlatforms) = preSolution
		Debug|Any CPU = Debug|Any CPU
		Release|Any CPU = Release|Any CPU
	EndGlobalSection
	GlobalSection(ProjectConfigurationPlatforms) = postSolution
		{B715ED25-0B97-4010-B5D2-8E36B33F83F5}.Debug|Any CPU.ActiveCfg = Debug|Any CPU
		{B715ED25-0B97-4010-B5D2-8E36B33F83F5}.Debug|Any CPU.Build.0 = Debug|Any CPU
		{B715ED25-0B97-4010-B5D2-8E36B33F83F5}.Release|Any CPU.ActiveCfg = Release|Any CPU
		{B715ED25-0B97-4010-B5D2-8E36B33F83F5}.Release|Any CPU.Build.0 = Release|Any CPU
		{AF7AB0C3-4F7C-4E7B-A948-E96F6DC2C859}.Debug|Any CPU.ActiveCfg = Debug|Any CPU
		{AF7AB0C3-4F7C-4E7B-A948-E96F6DC2C859}.Debug|Any CPU.Build.0 = Debug|Any CPU
		{AF7AB0C3-4F7C-4E7B-A948-E96F6DC2C859}.Release|Any CPU.ActiveCfg = Release|Any CPU
		{AF7AB0C3-4F7C-4E7B-A948-E96F6DC2C859}.Release|Any CPU.Build.0 = Release|Any CPU
	EndGlobalSection
	GlobalSection(SolutionProperties) = preSolution
		HideSolutionNode = FALSE
	EndGlobalSection
	GlobalSection(ExtensibilityGlobals) = postSolution
		SolutionGuid = {874EFE23-B02B-4484-B702-9A148F961E15}
	EndGlobalSection
EndGlobal
