
Microsoft Visual Studio Solution File, Format Version 12.00
# Visual Studio Version 16
VisualStudioVersion = 16.0.30717.126
MinimumVisualStudioVersion = 10.0.40219.1
Project("{9A19103F-16F7-4668-BE54-9A1E7A4F7556}") = "Multidimensional Arrays Exercise", "Multidimensional Arrays Exercise\Multidimensional Arrays Exercise.csproj", "{C9854FE6-1C20-41F5-B078-0EE2EA893E84}"
EndProject
Project("{9A19103F-16F7-4668-BE54-9A1E7A4F7556}") = "Diagonal Difference", "Diagonal Difference\Diagonal Difference.csproj", "{5280626A-AE91-450C-9E7F-574A87860915}"
EndProject
Project("{9A19103F-16F7-4668-BE54-9A1E7A4F7556}") = "2X2 Squares in Matrix", "2X2 Squares in Matrix\2X2 Squares in Matrix.csproj", "{BBC7DEA5-DC51-4270-8BC5-19FAEBA45FF5}"
EndProject
Project("{9A19103F-16F7-4668-BE54-9A1E7A4F7556}") = "Maximal Sum", "Maximal Sum\Maximal Sum.csproj", "{A4BFF39F-D334-494A-B009-164F5E23EC52}"
EndProject
Project("{9A19103F-16F7-4668-BE54-9A1E7A4F7556}") = "Matrix Shuffling", "Matrix Shuffling\Matrix Shuffling.csproj", "{C7C7223C-08CE-4DCC-B46F-9856BB4A9CF7}"
EndProject
Project("{9A19103F-16F7-4668-BE54-9A1E7A4F7556}") = "Snake Moves", "Snake Moves\Snake Moves.csproj", "{C43C9D15-161A-4F92-BBFF-5ECE2DB0D3B4}"
EndProject
Project("{9A19103F-16F7-4668-BE54-9A1E7A4F7556}") = "Jagged Array Manipulator", "Jagged Array Manipulator\Jagged Array Manipulator.csproj", "{A0120270-B35F-47BE-9ADF-8B32DA636C48}"
EndProject
Project("{9A19103F-16F7-4668-BE54-9A1E7A4F7556}") = "Knight Game", "Knight Game\Knight Game.csproj", "{05642636-B1B0-449F-B03F-D05B293BAF84}"
EndProject
Project("{FAE04EC0-301F-11D3-BF4B-00C04F79EFBC}") = "Bombs", "Bombs\Bombs.csproj", "{F5E26ECF-D136-42D8-8E28-80F1415F7DD7}"
EndProject
Global
	GlobalSection(SolutionConfigurationPlatforms) = preSolution
		Debug|Any CPU = Debug|Any CPU
		Release|Any CPU = Release|Any CPU
	EndGlobalSection
	GlobalSection(ProjectConfigurationPlatforms) = postSolution
		{C9854FE6-1C20-41F5-B078-0EE2EA893E84}.Debug|Any CPU.ActiveCfg = Debug|Any CPU
		{C9854FE6-1C20-41F5-B078-0EE2EA893E84}.Debug|Any CPU.Build.0 = Debug|Any CPU
		{C9854FE6-1C20-41F5-B078-0EE2EA893E84}.Release|Any CPU.ActiveCfg = Release|Any CPU
		{C9854FE6-1C20-41F5-B078-0EE2EA893E84}.Release|Any CPU.Build.0 = Release|Any CPU
		{5280626A-AE91-450C-9E7F-574A87860915}.Debug|Any CPU.ActiveCfg = Debug|Any CPU
		{5280626A-AE91-450C-9E7F-574A87860915}.Debug|Any CPU.Build.0 = Debug|Any CPU
		{5280626A-AE91-450C-9E7F-574A87860915}.Release|Any CPU.ActiveCfg = Release|Any CPU
		{5280626A-AE91-450C-9E7F-574A87860915}.Release|Any CPU.Build.0 = Release|Any CPU
		{BBC7DEA5-DC51-4270-8BC5-19FAEBA45FF5}.Debug|Any CPU.ActiveCfg = Debug|Any CPU
		{BBC7DEA5-DC51-4270-8BC5-19FAEBA45FF5}.Debug|Any CPU.Build.0 = Debug|Any CPU
		{BBC7DEA5-DC51-4270-8BC5-19FAEBA45FF5}.Release|Any CPU.ActiveCfg = Release|Any CPU
		{BBC7DEA5-DC51-4270-8BC5-19FAEBA45FF5}.Release|Any CPU.Build.0 = Release|Any CPU
		{A4BFF39F-D334-494A-B009-164F5E23EC52}.Debug|Any CPU.ActiveCfg = Debug|Any CPU
		{A4BFF39F-D334-494A-B009-164F5E23EC52}.Debug|Any CPU.Build.0 = Debug|Any CPU
		{A4BFF39F-D334-494A-B009-164F5E23EC52}.Release|Any CPU.ActiveCfg = Release|Any CPU
		{A4BFF39F-D334-494A-B009-164F5E23EC52}.Release|Any CPU.Build.0 = Release|Any CPU
		{C7C7223C-08CE-4DCC-B46F-9856BB4A9CF7}.Debug|Any CPU.ActiveCfg = Debug|Any CPU
		{C7C7223C-08CE-4DCC-B46F-9856BB4A9CF7}.Debug|Any CPU.Build.0 = Debug|Any CPU
		{C7C7223C-08CE-4DCC-B46F-9856BB4A9CF7}.Release|Any CPU.ActiveCfg = Release|Any CPU
		{C7C7223C-08CE-4DCC-B46F-9856BB4A9CF7}.Release|Any CPU.Build.0 = Release|Any CPU
		{C43C9D15-161A-4F92-BBFF-5ECE2DB0D3B4}.Debug|Any CPU.ActiveCfg = Debug|Any CPU
		{C43C9D15-161A-4F92-BBFF-5ECE2DB0D3B4}.Debug|Any CPU.Build.0 = Debug|Any CPU
		{C43C9D15-161A-4F92-BBFF-5ECE2DB0D3B4}.Release|Any CPU.ActiveCfg = Release|Any CPU
		{C43C9D15-161A-4F92-BBFF-5ECE2DB0D3B4}.Release|Any CPU.Build.0 = Release|Any CPU
		{A0120270-B35F-47BE-9ADF-8B32DA636C48}.Debug|Any CPU.ActiveCfg = Debug|Any CPU
		{A0120270-B35F-47BE-9ADF-8B32DA636C48}.Debug|Any CPU.Build.0 = Debug|Any CPU
		{A0120270-B35F-47BE-9ADF-8B32DA636C48}.Release|Any CPU.ActiveCfg = Release|Any CPU
		{A0120270-B35F-47BE-9ADF-8B32DA636C48}.Release|Any CPU.Build.0 = Release|Any CPU
		{05642636-B1B0-449F-B03F-D05B293BAF84}.Debug|Any CPU.ActiveCfg = Debug|Any CPU
		{05642636-B1B0-449F-B03F-D05B293BAF84}.Debug|Any CPU.Build.0 = Debug|Any CPU
		{05642636-B1B0-449F-B03F-D05B293BAF84}.Release|Any CPU.ActiveCfg = Release|Any CPU
		{05642636-B1B0-449F-B03F-D05B293BAF84}.Release|Any CPU.Build.0 = Release|Any CPU
		{F5E26ECF-D136-42D8-8E28-80F1415F7DD7}.Debug|Any CPU.ActiveCfg = Debug|Any CPU
		{F5E26ECF-D136-42D8-8E28-80F1415F7DD7}.Debug|Any CPU.Build.0 = Debug|Any CPU
		{F5E26ECF-D136-42D8-8E28-80F1415F7DD7}.Release|Any CPU.ActiveCfg = Release|Any CPU
		{F5E26ECF-D136-42D8-8E28-80F1415F7DD7}.Release|Any CPU.Build.0 = Release|Any CPU
	EndGlobalSection
	GlobalSection(SolutionProperties) = preSolution
		HideSolutionNode = FALSE
	EndGlobalSection
	GlobalSection(ExtensibilityGlobals) = postSolution
		SolutionGuid = {08F342A3-9F39-4F61-B2EF-4229E2CF647F}
	EndGlobalSection
EndGlobal
