
Microsoft Visual Studio Solution File, Format Version 12.00
# Visual Studio Version 16
VisualStudioVersion = 16.0.31129.286
MinimumVisualStudioVersion = 10.0.40219.1
Project("{FAE04EC0-301F-11D3-BF4B-00C04F79EFBC}") = "Cooking", "Cooking\Cooking.csproj", "{3EDB6705-283A-46CD-987C-A61BF40529A1}"
EndProject
Global
	GlobalSection(SolutionConfigurationPlatforms) = preSolution
		Debug|Any CPU = Debug|Any CPU
		Release|Any CPU = Release|Any CPU
	EndGlobalSection
	GlobalSection(ProjectConfigurationPlatforms) = postSolution
		{3EDB6705-283A-46CD-987C-A61BF40529A1}.Debug|Any CPU.ActiveCfg = Debug|Any CPU
		{3EDB6705-283A-46CD-987C-A61BF40529A1}.Debug|Any CPU.Build.0 = Debug|Any CPU
		{3EDB6705-283A-46CD-987C-A61BF40529A1}.Release|Any CPU.ActiveCfg = Release|Any CPU
		{3EDB6705-283A-46CD-987C-A61BF40529A1}.Release|Any CPU.Build.0 = Release|Any CPU
	EndGlobalSection
	GlobalSection(SolutionProperties) = preSolution
		HideSolutionNode = FALSE
	EndGlobalSection
	GlobalSection(ExtensibilityGlobals) = postSolution
		SolutionGuid = {529F1CFD-1F4E-460C-BA5E-A8AC77417A59}
	EndGlobalSection
EndGlobal
